{
  "name": "SDA-MotionPage",
  "lockfileVersion": 3,
  "requires": true,
  "packages": {
    "": {
      "dependencies": {
        "@motion.page/sdk": "^1.1.4"
      }
    },
    "node_modules/@motion.page/sdk": {
      "version": "1.1.4",
      "resolved": "https://registry.npmjs.org/@motion.page/sdk/-/sdk-1.1.4.tgz",
      "integrity": "sha512-JvSv5fkSw+KDx0tG6Gare7eagRlDPlPIbYFHuP1VcWrEqiU7dUCkMFG0zpQ+GAvKxrYKwh/yocW6Y5nn513CCQ==",
      "license": "FSL-1.1-Apache-2.0"
    }
  }
}
