{
  "name": "SDA-MotionPage",
  "lockfileVersion": 3,
  "requires": true,
  "packages": {
    "": {
      "dependencies": {
        "@motion.page/sdk": "^1.2.1"
      }
    },
    "node_modules/@motion.page/sdk": {
      "version": "1.2.1",
      "resolved": "https://registry.npmjs.org/@motion.page/sdk/-/sdk-1.2.1.tgz",
      "integrity": "sha512-bR3MM2l36WxRs0ubJQkjQsa2qe71t8bRHVbAAfRr98XhaF0ucMAj+bg1AALihDpG2O5dY8SWm4MsMAVqYyW1Pw==",
      "license": "FSL-1.1-Apache-2.0"
    }
  }
}
